
Microsoft Visual Studio Solution File, Format Version 12.00
# Visual Studio Version 17
VisualStudioVersion = 17.9.34728.123
MinimumVisualStudioVersion = 10.0.40219.1
Project("{FAE04EC0-301F-11D3-BF4B-00C04F79EFBC}") = "CardReader", "CardReader\CardReader.csproj", "{A41EB898-6010-442F-80D2-F12205596D8D}"
EndProject
Global
	GlobalSection(SolutionConfigurationPlatforms) = preSolution
		Debug|Any CPU = Debug|Any CPU
		Release|Any CPU = Release|Any CPU
	EndGlobalSection
	GlobalSection(ProjectConfigurationPlatforms) = postSolution
		{A41EB898-6010-442F-80D2-F12205596D8D}.Debug|Any CPU.ActiveCfg = Debug|Any CPU
		{A41EB898-6010-442F-80D2-F12205596D8D}.Debug|Any CPU.Build.0 = Debug|Any CPU
		{A41EB898-6010-442F-80D2-F12205596D8D}.Release|Any CPU.ActiveCfg = Release|Any CPU
		{A41EB898-6010-442F-80D2-F12205596D8D}.Release|Any CPU.Build.0 = Release|Any CPU
	EndGlobalSection
	GlobalSection(SolutionProperties) = preSolution
		HideSolutionNode = FALSE
	EndGlobalSection
	GlobalSection(ExtensibilityGlobals) = postSolution
		SolutionGuid = {C27C0A9E-B11A-4E6D-AD38-383BC3312CD0}
	EndGlobalSection
EndGlobal
